
Microsoft Visual Studio Solution File, Format Version 12.00
# Visual Studio Version 16
VisualStudioVersion = 16.0.30002.166
MinimumVisualStudioVersion = 10.0.40219.1
Project("{FAE04EC0-301F-11D3-BF4B-00C04F79EFBC}") = "myrandomrealnumber", "myrandomrealnumber\myrandomrealnumber.csproj", "{D69070FC-E36C-4E06-ACBC-371832991119}"
EndProject
Global
	GlobalSection(SolutionConfigurationPlatforms) = preSolution
		Debug|Any CPU = Debug|Any CPU
		Release|Any CPU = Release|Any CPU
	EndGlobalSection
	GlobalSection(ProjectConfigurationPlatforms) = postSolution
		{D69070FC-E36C-4E06-ACBC-371832991119}.Debug|Any CPU.ActiveCfg = Debug|Any CPU
		{D69070FC-E36C-4E06-ACBC-371832991119}.Debug|Any CPU.Build.0 = Debug|Any CPU
		{D69070FC-E36C-4E06-ACBC-371832991119}.Release|Any CPU.ActiveCfg = Release|Any CPU
		{D69070FC-E36C-4E06-ACBC-371832991119}.Release|Any CPU.Build.0 = Release|Any CPU
	EndGlobalSection
	GlobalSection(SolutionProperties) = preSolution
		HideSolutionNode = FALSE
	EndGlobalSection
	GlobalSection(ExtensibilityGlobals) = postSolution
		SolutionGuid = {C6414A49-BFA8-4740-8DCE-519EB933DFFB}
	EndGlobalSection
EndGlobal
